{
  "nodes": {
    "nixpkgs": {
      "locked": {
        "lastModified": 1622498235,
        "narHash": "sha256-e7cPZ5SJUoETYKyradDxwn8glWtRf4UFnCRFmpKIClA=",
        "owner": "NixOS",
        "repo": "nixpkgs",
        "rev": "21d26471f3ac877658f086cbb85d2bbf137e59ab",
        "type": "github"
      },
      "original": {
        "id": "nixpkgs",
        "type": "indirect"
      }
    },
    "root": {
      "inputs": {
        "nixpkgs": "nixpkgs"
      }
    }
  },
  "root": "root",
  "version": 7
}
